<?xml version="1.0" encoding="utf-8"?>
<Project ToolsVersion="4.0" xmlns="http://schemas.microsoft.com/developer/msbuild/2003">
  <ItemGroup>
    <ClInclude Include="..\..\..\src\game\Game.h" />
    <ClInclude Include="..\..\..\src\game\Server\MsgCode.h">
      <Filter>Server</Filter>
    </ClInclude>
    <ClInclude Include="..\..\..\src\game\Server\WorldPacket.h">
      <Filter>Server</Filter>
    </ClInclude>
    <ClInclude Include="..\..\..\src\game\Server\WorldSession.h">
      <Filter>Server</Filter>
    </ClInclude>
    <ClInclude Include="..\..\..\src\game\Server\SocketEventHandler.h">
      <Filter>Server</Filter>
    </ClInclude>
    <ClInclude Include="..\..\..\src\game\World\World.h">
      <Filter>World</Filter>
    </ClInclude>
    <ClInclude Include="..\..\..\src\game\Server\WorldSocket.h">
      <Filter>Server</Filter>
    </ClInclude>
    <ClInclude Include="..\..\..\src\game\World\Map.h">
      <Filter>World</Filter>
    </ClInclude>
    <ClInclude Include="..\..\..\src\game\World\TimeLine.h">
      <Filter>World</Filter>
    </ClInclude>
    <ClInclude Include="..\..\..\src\game\World\MapManager.h">
      <Filter>World</Filter>
    </ClInclude>
    <ClInclude Include="..\..\..\src\game\World\ObjectManager.h">
      <Filter>World</Filter>
    </ClInclude>
    <ClInclude Include="..\..\..\src\game\Object\Object.h">
      <Filter>Object</Filter>
    </ClInclude>
    <ClInclude Include="..\..\..\src\game\Object\Creature.h">
      <Filter>Object</Filter>
    </ClInclude>
    <ClInclude Include="..\..\..\src\game\Object\Unit.h">
      <Filter>Object</Filter>
    </ClInclude>
    <ClInclude Include="..\..\..\src\game\Object\Player.h">
      <Filter>Object</Filter>
    </ClInclude>
    <ClInclude Include="..\..\..\src\game\Object\WorldObject.h">
      <Filter>Object</Filter>
    </ClInclude>
    <ClInclude Include="..\..\..\src\game\Object\GameObject.h">
      <Filter>Object</Filter>
    </ClInclude>
    <ClInclude Include="..\..\..\src\game\Object\Item.h">
      <Filter>Object</Filter>
    </ClInclude>
    <ClInclude Include="..\..\..\src\game\World\Grid.h">
      <Filter>World</Filter>
    </ClInclude>
  </ItemGroup>
  <ItemGroup>
    <ClCompile Include="..\..\..\src\game\Game.cpp" />
    <ClCompile Include="..\..\..\src\game\Server\MsgCode.cpp">
      <Filter>Server</Filter>
    </ClCompile>
    <ClCompile Include="..\..\..\src\game\Server\WorldSession.cpp">
      <Filter>Server</Filter>
    </ClCompile>
    <ClCompile Include="..\..\..\src\game\Server\SocketEventHandler.cpp">
      <Filter>Server</Filter>
    </ClCompile>
    <ClCompile Include="..\..\..\src\game\World\World.cpp">
      <Filter>World</Filter>
    </ClCompile>
    <ClCompile Include="..\..\..\src\game\Server\WorldSocket.cpp">
      <Filter>Server</Filter>
    </ClCompile>
    <ClCompile Include="..\..\..\src\game\World\Map.cpp">
      <Filter>World</Filter>
    </ClCompile>
    <ClCompile Include="..\..\..\src\game\World\TimeLine.cpp">
      <Filter>World</Filter>
    </ClCompile>
    <ClCompile Include="..\..\..\src\game\World\MapManager.cpp">
      <Filter>World</Filter>
    </ClCompile>
    <ClCompile Include="..\..\..\src\game\World\ObjectManager.cpp">
      <Filter>World</Filter>
    </ClCompile>
    <ClCompile Include="..\..\..\src\game\Object\Object.cpp">
      <Filter>Object</Filter>
    </ClCompile>
    <ClCompile Include="..\..\..\src\game\Object\Creature.cpp">
      <Filter>Object</Filter>
    </ClCompile>
    <ClCompile Include="..\..\..\src\game\Object\Unit.cpp">
      <Filter>Object</Filter>
    </ClCompile>
    <ClCompile Include="..\..\..\src\game\Object\Player.cpp">
      <Filter>Object</Filter>
    </ClCompile>
    <ClCompile Include="..\..\..\src\game\Object\WorldObject.cpp">
      <Filter>Object</Filter>
    </ClCompile>
    <ClCompile Include="..\..\..\src\game\Object\GameObject.cpp">
      <Filter>Object</Filter>
    </ClCompile>
    <ClCompile Include="..\..\..\src\game\Object\Item.cpp">
      <Filter>Object</Filter>
    </ClCompile>
    <ClCompile Include="..\..\..\src\game\World\Grid.cpp">
      <Filter>World</Filter>
    </ClCompile>
  </ItemGroup>
  <ItemGroup>
    <Filter Include="Server">
      <UniqueIdentifier>{8705e873-c384-4491-9f85-d944babb5954}</UniqueIdentifier>
    </Filter>
    <Filter Include="World">
      <UniqueIdentifier>{7ec5eb3b-c373-4426-939a-54f57ad2b8f6}</UniqueIdentifier>
    </Filter>
    <Filter Include="Object">
      <UniqueIdentifier>{6aac7d4d-51cd-44fe-9c06-66adfe0525b4}</UniqueIdentifier>
    </Filter>
  </ItemGroup>
</Project>